// !$*UTF8*$!
{
	archiveVersion = 1;
	classes = {
	};
	objectVersion = 46;
	objects = {

/* Begin PBXBuildFile section */
		AD8D7A211DF747F600DB2DAF /* AppDelegate.swift in Sources */ = {isa = PBXBuildFile; fileRef = AD8D7A201DF747F600DB2DAF /* AppDelegate.swift */; };
		AD8D7A231DF747F600DB2DAF /* CameraVC.swift in Sources */ = {isa = PBXBuildFile; fileRef = AD8D7A221DF747F600DB2DAF /* CameraVC.swift */; };
		AD8D7A261DF747F600DB2DAF /* Main.storyboard in Resources */ = {isa = PBXBuildFile; fileRef = AD8D7A241DF747F600DB2DAF /* Main.storyboard */; };
		AD8D7A281DF747F600DB2DAF /* Assets.xcassets in Resources */ = {isa = PBXBuildFile; fileRef = AD8D7A271DF747F600DB2DAF /* Assets.xcassets */; };
		AD8D7A2B1DF747F600DB2DAF /* LaunchScreen.storyboard in Resources */ = {isa = PBXBuildFile; fileRef = AD8D7A291DF747F600DB2DAF /* LaunchScreen.storyboard */; };
		AD8D7A3A1DF7495A00DB2DAF /* AAPLCameraViewController.m in Sources */ = {isa = PBXBuildFile; fileRef = AD8D7A371DF7495A00DB2DAF /* AAPLCameraViewController.m */; };
		AD8D7A3B1DF7495A00DB2DAF /* AAPLPreviewView.m in Sources */ = {isa = PBXBuildFile; fileRef = AD8D7A391DF7495A00DB2DAF /* AAPLPreviewView.m */; };
/* End PBXBuildFile section */

/* Begin PBXFileReference section */
		AD8D7A1D1DF747F600DB2DAF /* ClapChat.app */ = {isa = PBXFileReference; explicitFileType = wrapper.application; includeInIndex = 0; path = ClapChat.app; sourceTree = BUILT_PRODUCTS_DIR; };
		AD8D7A201DF747F600DB2DAF /* AppDelegate.swift */ = {isa = PBXFileReference; lastKnownFileType = sourcecode.swift; path = AppDelegate.swift; sourceTree = "<group>"; };
		AD8D7A221DF747F600DB2DAF /* CameraVC.swift */ = {isa = PBXFileReference; lastKnownFileType = sourcecode.swift; path = CameraVC.swift; sourceTree = "<group>"; };
		AD8D7A251DF747F600DB2DAF /* Base */ = {isa = PBXFileReference; lastKnownFileType = file.storyboard; name = Base; path = Base.lproj/Main.storyboard; sourceTree = "<group>"; };
		AD8D7A271DF747F600DB2DAF /* Assets.xcassets */ = {isa = PBXFileReference; lastKnownFileType = folder.assetcatalog; path = Assets.xcassets; sourceTree = "<group>"; };
		AD8D7A2A1DF747F600DB2DAF /* Base */ = {isa = PBXFileReference; lastKnownFileType = file.storyboard; name = Base; path = Base.lproj/LaunchScreen.storyboard; sourceTree = "<group>"; };
		AD8D7A2C1DF747F600DB2DAF /* Info.plist */ = {isa = PBXFileReference; lastKnownFileType = text.plist.xml; path = Info.plist; sourceTree = "<group>"; };
		AD8D7A351DF7495900DB2DAF /* ClapChat-Bridging-Header.h */ = {isa = PBXFileReference; lastKnownFileType = sourcecode.c.h; path = "ClapChat-Bridging-Header.h"; sourceTree = "<group>"; };
		AD8D7A361DF7495A00DB2DAF /* AAPLCameraViewController.h */ = {isa = PBXFileReference; fileEncoding = 4; lastKnownFileType = sourcecode.c.h; path = AAPLCameraViewController.h; sourceTree = "<group>"; };
		AD8D7A371DF7495A00DB2DAF /* AAPLCameraViewController.m */ = {isa = PBXFileReference; fileEncoding = 4; lastKnownFileType = sourcecode.c.objc; path = AAPLCameraViewController.m; sourceTree = "<group>"; };
		AD8D7A381DF7495A00DB2DAF /* AAPLPreviewView.h */ = {isa = PBXFileReference; fileEncoding = 4; lastKnownFileType = sourcecode.c.h; path = AAPLPreviewView.h; sourceTree = "<group>"; };
		AD8D7A391DF7495A00DB2DAF /* AAPLPreviewView.m */ = {isa = PBXFileReference; fileEncoding = 4; lastKnownFileType = sourcecode.c.objc; path = AAPLPreviewView.m; sourceTree = "<group>"; };
/* End PBXFileReference section */

/* Begin PBXFrameworksBuildPhase section */
		AD8D7A1A1DF747F600DB2DAF /* Frameworks */ = {
			isa = PBXFrameworksBuildPhase;
			buildActionMask = 2147483647;
			files = (
			);
			runOnlyForDeploymentPostprocessing = 0;
		};
/* End PBXFrameworksBuildPhase section */

/* Begin PBXGroup section */
		AD8D7A141DF747F600DB2DAF = {
			isa = PBXGroup;
			children = (
				AD8D7A1F1DF747F600DB2DAF /* ClapChat */,
				AD8D7A1E1DF747F600DB2DAF /* Products */,
			);
			sourceTree = "<group>";
		};
		AD8D7A1E1DF747F600DB2DAF /* Products */ = {
			isa = PBXGroup;
			children = (
				AD8D7A1D1DF747F600DB2DAF /* ClapChat.app */,
			);
			name = Products;
			sourceTree = "<group>";
		};
		AD8D7A1F1DF747F600DB2DAF /* ClapChat */ = {
			isa = PBXGroup;
			children = (
				AD8D7A201DF747F600DB2DAF /* AppDelegate.swift */,
				AD8D7A341DF7492500DB2DAF /* Controller */,
				AD8D7A331DF7492100DB2DAF /* View */,
				AD8D7A321DF7491C00DB2DAF /* Model */,
				AD8D7A241DF747F600DB2DAF /* Main.storyboard */,
				AD8D7A271DF747F600DB2DAF /* Assets.xcassets */,
				AD8D7A291DF747F600DB2DAF /* LaunchScreen.storyboard */,
				AD8D7A2C1DF747F600DB2DAF /* Info.plist */,
				AD8D7A351DF7495900DB2DAF /* ClapChat-Bridging-Header.h */,
			);
			path = ClapChat;
			sourceTree = "<group>";
		};
		AD8D7A321DF7491C00DB2DAF /* Model */ = {
			isa = PBXGroup;
			children = (
			);
			name = Model;
			sourceTree = "<group>";
		};
		AD8D7A331DF7492100DB2DAF /* View */ = {
			isa = PBXGroup;
			children = (
				AD8D7A381DF7495A00DB2DAF /* AAPLPreviewView.h */,
				AD8D7A391DF7495A00DB2DAF /* AAPLPreviewView.m */,
			);
			name = View;
			sourceTree = "<group>";
		};
		AD8D7A341DF7492500DB2DAF /* Controller */ = {
			isa = PBXGroup;
			children = (
				AD8D7A221DF747F600DB2DAF /* CameraVC.swift */,
				AD8D7A361DF7495A00DB2DAF /* AAPLCameraViewController.h */,
				AD8D7A371DF7495A00DB2DAF /* AAPLCameraViewController.m */,
			);
			name = Controller;
			sourceTree = "<group>";
		};
/* End PBXGroup section */

/* Begin PBXNativeTarget section */
		AD8D7A1C1DF747F600DB2DAF /* ClapChat */ = {
			isa = PBXNativeTarget;
			buildConfigurationList = AD8D7A2F1DF747F600DB2DAF /* Build configuration list for PBXNativeTarget "ClapChat" */;
			buildPhases = (
				AD8D7A191DF747F600DB2DAF /* Sources */,
				AD8D7A1A1DF747F600DB2DAF /* Frameworks */,
				AD8D7A1B1DF747F600DB2DAF /* Resources */,
			);
			buildRules = (
			);
			dependencies = (
			);
			name = ClapChat;
			productName = ClapChat;
			productReference = AD8D7A1D1DF747F600DB2DAF /* ClapChat.app */;
			productType = "com.apple.product-type.application";
		};
/* End PBXNativeTarget section */

/* Begin PBXProject section */
		AD8D7A151DF747F600DB2DAF /* Project object */ = {
			isa = PBXProject;
			attributes = {
				LastSwiftUpdateCheck = 0810;
				LastUpgradeCheck = 0810;
				ORGANIZATIONNAME = Luke;
				TargetAttributes = {
					AD8D7A1C1DF747F600DB2DAF = {
						CreatedOnToolsVersion = 8.1;
						DevelopmentTeam = HX5Z8E9QEF;
						LastSwiftMigration = 0810;
						ProvisioningStyle = Automatic;
					};
				};
			};
			buildConfigurationList = AD8D7A181DF747F600DB2DAF /* Build configuration list for PBXProject "ClapChat" */;
			compatibilityVersion = "Xcode 3.2";
			developmentRegion = English;
			hasScannedForEncodings = 0;
			knownRegions = (
				en,
				Base,
			);
			mainGroup = AD8D7A141DF747F600DB2DAF;
			productRefGroup = AD8D7A1E1DF747F600DB2DAF /* Products */;
			projectDirPath = "";
			projectRoot = "";
			targets = (
				AD8D7A1C1DF747F600DB2DAF /* ClapChat */,
			);
		};
/* End PBXProject section */

/* Begin PBXResourcesBuildPhase section */
		AD8D7A1B1DF747F600DB2DAF /* Resources */ = {
			isa = PBXResourcesBuildPhase;
			buildActionMask = 2147483647;
			files = (
				AD8D7A2B1DF747F600DB2DAF /* LaunchScreen.storyboard in Resources */,
				AD8D7A281DF747F600DB2DAF /* Assets.xcassets in Resources */,
				AD8D7A261DF747F600DB2DAF /* Main.storyboard in Resources */,
			);
			runOnlyForDeploymentPostprocessing = 0;
		};
/* End PBXResourcesBuildPhase section */

/* Begin PBXSourcesBuildPhase section */
		AD8D7A191DF747F600DB2DAF /* Sources */ = {
			isa = PBXSourcesBuildPhase;
			buildActionMask = 2147483647;
			files = (
				AD8D7A231DF747F600DB2DAF /* CameraVC.swift in Sources */,
				AD8D7A211DF747F600DB2DAF /* AppDelegate.swift in Sources */,
				AD8D7A3A1DF7495A00DB2DAF /* AAPLCameraViewController.m in Sources */,
				AD8D7A3B1DF7495A00DB2DAF /* AAPLPreviewView.m in Sources */,
			);
			runOnlyForDeploymentPostprocessing = 0;
		};
/* End PBXSourcesBuildPhase section */

/* Begin PBXVariantGroup section */
		AD8D7A241DF747F600DB2DAF /* Main.storyboard */ = {
			isa = PBXVariantGroup;
			children = (
				AD8D7A251DF747F600DB2DAF /* Base */,
			);
			name = Main.storyboard;
			sourceTree = "<group>";
		};
		AD8D7A291DF747F600DB2DAF /* LaunchScreen.storyboard */ = {
			isa = PBXVariantGroup;
			children = (
				AD8D7A2A1DF747F600DB2DAF /* Base */,
			);
			name = LaunchScreen.storyboard;
			sourceTree = "<group>";
		};
/* End PBXVariantGroup section */

/* Begin XCBuildConfiguration section */
		AD8D7A2D1DF747F600DB2DAF /* Debug */ = {
			isa = XCBuildConfiguration;
			buildSettings = {
				ALWAYS_SEARCH_USER_PATHS = NO;
				CLANG_ANALYZER_NONNULL = YES;
				CLANG_CXX_LANGUAGE_STANDARD = "gnu++0x";
				CLANG_CXX_LIBRARY = "libc++";
				CLANG_ENABLE_MODULES = YES;
				CLANG_ENABLE_OBJC_ARC = YES;
				CLANG_WARN_BOOL_CONVERSION = YES;
				CLANG_WARN_CONSTANT_CONVERSION = YES;
				CLANG_WARN_DIRECT_OBJC_ISA_USAGE = YES_ERROR;
				CLANG_WARN_DOCUMENTATION_COMMENTS = YES;
				CLANG_WARN_EMPTY_BODY = YES;
				CLANG_WARN_ENUM_CONVERSION = YES;
				CLANG_WARN_INFINITE_RECURSION = YES;
				CLANG_WARN_INT_CONVERSION = YES;
				CLANG_WARN_OBJC_ROOT_CLASS = YES_ERROR;
				CLANG_WARN_SUSPICIOUS_MOVES = YES;
				CLANG_WARN_UNREACHABLE_CODE = YES;
				CLANG_WARN__DUPLICATE_METHOD_MATCH = YES;
				"CODE_SIGN_IDENTITY[sdk=iphoneos*]" = "iPhone Developer";
				COPY_PHASE_STRIP = NO;
				DEBUG_INFORMATION_FORMAT = dwarf;
				ENABLE_STRICT_OBJC_MSGSEND = YES;
				ENABLE_TESTABILITY = YES;
				GCC_C_LANGUAGE_STANDARD = gnu99;
				GCC_DYNAMIC_NO_PIC = NO;
				GCC_NO_COMMON_BLOCKS = YES;
				GCC_OPTIMIZATION_LEVEL = 0;
				GCC_PREPROCESSOR_DEFINITIONS = (
					"DEBUG=1",
					"$(inherited)",
				);
				GCC_WARN_64_TO_32_BIT_CONVERSION = YES;
				GCC_WARN_ABOUT_RETURN_TYPE = YES_ERROR;
				GCC_WARN_UNDECLARED_SELECTOR = YES;
				GCC_WARN_UNINITIALIZED_AUTOS = YES_AGGRESSIVE;
				GCC_WARN_UNUSED_FUNCTION = YES;
				GCC_WARN_UNUSED_VARIABLE = YES;
				IPHONEOS_DEPLOYMENT_TARGET = 10.1;
				MTL_ENABLE_DEBUG_INFO = YES;
				ONLY_ACTIVE_ARCH = YES;
				SDKROOT = iphoneos;
				SWIFT_ACTIVE_COMPILATION_CONDITIONS = DEBUG;
				SWIFT_OPTIMIZATION_LEVEL = "-Onone";
				TARGETED_DEVICE_FAMILY = "1,2";
			};
			name = Debug;
		};
		AD8D7A2E1DF747F600DB2DAF /* Release */ = {
			isa = XCBuildConfiguration;
			buildSettings = {
				ALWAYS_SEARCH_USER_PATHS = NO;
				CLANG_ANALYZER_NONNULL = YES;
				CLANG_CXX_LANGUAGE_STANDARD = "gnu++0x";
				CLANG_CXX_LIBRARY = "libc++";
				CLANG_ENABLE_MODULES = YES;
				CLANG_ENABLE_OBJC_ARC = YES;
				CLANG_WARN_BOOL_CONVERSION = YES;
				CLANG_WARN_CONSTANT_CONVERSION = YES;
				CLANG_WARN_DIRECT_OBJC_ISA_USAGE = YES_ERROR;
				CLANG_WARN_DOCUMENTATION_COMMENTS = YES;
				CLANG_WARN_EMPTY_BODY = YES;
				CLANG_WARN_ENUM_CONVERSION = YES;
				CLANG_WARN_INFINITE_RECURSION = YES;
				CLANG_WARN_INT_CONVERSION = YES;
				CLANG_WARN_OBJC_ROOT_CLASS = YES_ERROR;
				CLANG_WARN_SUSPICIOUS_MOVES = YES;
				CLANG_WARN_UNREACHABLE_CODE = YES;
				CLANG_WARN__DUPLICATE_METHOD_MATCH = YES;
				"CODE_SIGN_IDENTITY[sdk=iphoneos*]" = "iPhone Developer";
				COPY_PHASE_STRIP = NO;
				DEBUG_INFORMATION_FORMAT = "dwarf-with-dsym";
				ENABLE_NS_ASSERTIONS = NO;
				ENABLE_STRICT_OBJC_MSGSEND = YES;
				GCC_C_LANGUAGE_STANDARD = gnu99;
				GCC_NO_COMMON_BLOCKS = YES;
				GCC_WARN_64_TO_32_BIT_CONVERSION = YES;
				GCC_WARN_ABOUT_RETURN_TYPE = YES_ERROR;
				GCC_WARN_UNDECLARED_SELECTOR = YES;
				GCC_WARN_UNINITIALIZED_AUTOS = YES_AGGRESSIVE;
				GCC_WARN_UNUSED_FUNCTION = YES;
				GCC_WARN_UNUSED_VARIABLE = YES;
				IPHONEOS_DEPLOYMENT_TARGET = 10.1;
				MTL_ENABLE_DEBUG_INFO = NO;
				SDKROOT = iphoneos;
				SWIFT_OPTIMIZATION_LEVEL = "-Owholemodule";
				TARGETED_DEVICE_FAMILY = "1,2";
				VALIDATE_PRODUCT = YES;
			};
			name = Release;
		};
		AD8D7A301DF747F600DB2DAF /* Debug */ = {
			isa = XCBuildConfiguration;
			buildSettings = {
				ASSETCATALOG_COMPILER_APPICON_NAME = AppIcon;
				CLANG_ENABLE_MODULES = YES;
				DEVELOPMENT_TEAM = HX5Z8E9QEF;
				INFOPLIST_FILE = ClapChat/Info.plist;
				IPHONEOS_DEPLOYMENT_TARGET = 9.0;
				LD_RUNPATH_SEARCH_PATHS = "$(inherited) @executable_path/Frameworks";
				PRODUCT_BUNDLE_IDENTIFIER = com.lukeklepfer.ClapChat;
				PRODUCT_NAME = "$(TARGET_NAME)";
				SWIFT_OBJC_BRIDGING_HEADER = "ClapChat/ClapChat-Bridging-Header.h";
				SWIFT_OPTIMIZATION_LEVEL = "-Onone";
				SWIFT_VERSION = 3.0;
			};
			name = Debug;
		};
		AD8D7A311DF747F600DB2DAF /* Release */ = {
			isa = XCBuildConfiguration;
			buildSettings = {
				ASSETCATALOG_COMPILER_APPICON_NAME = AppIcon;
				CLANG_ENABLE_MODULES = YES;
				DEVELOPMENT_TEAM = HX5Z8E9QEF;
				INFOPLIST_FILE = ClapChat/Info.plist;
				IPHONEOS_DEPLOYMENT_TARGET = 9.0;
				LD_RUNPATH_SEARCH_PATHS = "$(inherited) @executable_path/Frameworks";
				PRODUCT_BUNDLE_IDENTIFIER = com.lukeklepfer.ClapChat;
				PRODUCT_NAME = "$(TARGET_NAME)";
				SWIFT_OBJC_BRIDGING_HEADER = "ClapChat/ClapChat-Bridging-Header.h";
				SWIFT_VERSION = 3.0;
			};
			name = Release;
		};
/* End XCBuildConfiguration section */

/* Begin XCConfigurationList section */
		AD8D7A181DF747F600DB2DAF /* Build configuration list for PBXProject "ClapChat" */ = {
			isa = XCConfigurationList;
			buildConfigurations = (
				AD8D7A2D1DF747F600DB2DAF /* Debug */,
				AD8D7A2E1DF747F600DB2DAF /* Release */,
			);
			defaultConfigurationIsVisible = 0;
			defaultConfigurationName = Release;
		};
		AD8D7A2F1DF747F600DB2DAF /* Build configuration list for PBXNativeTarget "ClapChat" */ = {
			isa = XCConfigurationList;
			buildConfigurations = (
				AD8D7A301DF747F600DB2DAF /* Debug */,
				AD8D7A311DF747F600DB2DAF /* Release */,
			);
			defaultConfigurationIsVisible = 0;
		};
/* End XCConfigurationList section */
	};
	rootObject = AD8D7A151DF747F600DB2DAF /* Project object */;
}
